
Microsoft Visual Studio Solution File, Format Version 12.00
# Visual Studio Version 17
VisualStudioVersion = 17.12.35323.107
MinimumVisualStudioVersion = 10.0.40219.1
Project("{FAE04EC0-301F-11D3-BF4B-00C04F79EFBC}") = "Axolotl.BDSEditor", "Axolotl.BDSEditor.csproj", "{56D58524-7044-4778-AB23-3A368ECF48FF}"
EndProject
Global
	GlobalSection(SolutionConfigurationPlatforms) = preSolution
		Debug|Any CPU = Debug|Any CPU
		Release|Any CPU = Release|Any CPU
	EndGlobalSection
	GlobalSection(ProjectConfigurationPlatforms) = postSolution
		{56D58524-7044-4778-AB23-3A368ECF48FF}.Debug|Any CPU.ActiveCfg = Debug|Any CPU
		{56D58524-7044-4778-AB23-3A368ECF48FF}.Debug|Any CPU.Build.0 = Debug|Any CPU
		{56D58524-7044-4778-AB23-3A368ECF48FF}.Release|Any CPU.ActiveCfg = Release|Any CPU
		{56D58524-7044-4778-AB23-3A368ECF48FF}.Release|Any CPU.Build.0 = Release|Any CPU
	EndGlobalSection
	GlobalSection(SolutionProperties) = preSolution
		HideSolutionNode = FALSE
	EndGlobalSection
	GlobalSection(ExtensibilityGlobals) = postSolution
		SolutionGuid = {9F09CF85-BF6F-4299-9292-1C6AFF9E8FF7}
	EndGlobalSection
EndGlobal
